
Microsoft Visual Studio Solution File, Format Version 12.00
# Visual Studio Version 17
VisualStudioVersion = 17.14.36511.14
MinimumVisualStudioVersion = 10.0.40219.1
Project("{FAE04EC0-301F-11D3-BF4B-00C04F79EFBC}") = "SaltysFabricatorOverflow", "SaltysFabricatorOverflow.csproj", "{A7D3E1F4-2B6C-4F8E-9D10-3C5B7A9E1F42}"
EndProject
Global
	GlobalSection(SolutionConfigurationPlatforms) = preSolution
		Debug|Any CPU = Debug|Any CPU
		Release|Any CPU = Release|Any CPU
	EndGlobalSection
	GlobalSection(ProjectConfigurationPlatforms) = postSolution
		{A7D3E1F4-2B6C-4F8E-9D10-3C5B7A9E1F42}.Debug|Any CPU.ActiveCfg = Debug|Any CPU
		{A7D3E1F4-2B6C-4F8E-9D10-3C5B7A9E1F42}.Debug|Any CPU.Build.0 = Debug|Any CPU
		{A7D3E1F4-2B6C-4F8E-9D10-3C5B7A9E1F42}.Release|Any CPU.ActiveCfg = Release|Any CPU
		{A7D3E1F4-2B6C-4F8E-9D10-3C5B7A9E1F42}.Release|Any CPU.Build.0 = Release|Any CPU
	EndGlobalSection
	GlobalSection(SolutionProperties) = preSolution
		HideSolutionNode = FALSE
	EndGlobalSection
	GlobalSection(ExtensibilityGlobals) = postSolution
		SolutionGuid = {B4E2F6A8-1D3C-4A5B-8E7F-9C0D2E4F6A81}
	EndGlobalSection
EndGlobal
